
Microsoft Visual Studio Solution File, Format Version 12.00
# Visual Studio Version 17
VisualStudioVersion = 17.14.36414.22
MinimumVisualStudioVersion = 10.0.40219.1
Project("{2150E333-8FDC-42A3-9474-1A3956D46DE8}") = "Task1", "Task1", "{02EA681E-C7D8-13C7-8484-4AC65E1B71E8}"
EndProject
Project("{FAE04EC0-301F-11D3-BF4B-00C04F79EFBC}") = "Tyuiu.GaberkornEL.Sprint6.Task1.V24.Lib", "Tyuiu.GaberkornEL.Sprint6.Task1.V24.Lib\Tyuiu.GaberkornEL.Sprint6.Task1.V24.Lib.csproj", "{5C2EA7BD-648D-4930-81FE-DDEA997BD7D3}"
EndProject
Project("{FAE04EC0-301F-11D3-BF4B-00C04F79EFBC}") = "Tyuiu.GaberkornEL.Sprint6.Task1.V24.Test", "Tyuiu.GaberkornEL.Sprint6.Task1.V24.Test\Tyuiu.GaberkornEL.Sprint6.Task1.V24.Test.csproj", "{34E0C29B-B023-4594-A83D-8859B5254220}"
EndProject
Project("{FAE04EC0-301F-11D3-BF4B-00C04F79EFBC}") = "Tyuiu.GaberkornEL.Sprint6.Task1.V24", "Tyuiu.GaberkornEL.Sprint6.Task1.V24\Tyuiu.GaberkornEL.Sprint6.Task1.V24.csproj", "{EC6CDF07-703E-41F6-9368-BBE1288FBF45}"
EndProject
Project("{2150E333-8FDC-42A3-9474-1A3956D46DE8}") = "Task2", "Task2", "{F919A6AA-7C3F-4C9D-8840-7F4B7B924406}"
EndProject
Project("{FAE04EC0-301F-11D3-BF4B-00C04F79EFBC}") = "Tyuiu.GaberkornEL.Sprint6.Task2.V4", "Tyuiu.GaberkornEL.Sprint6.Task2.V4\Tyuiu.GaberkornEL.Sprint6.Task2.V4.csproj", "{F3E98872-E178-3A93-C08D-A454954B7A7D}"
EndProject
Project("{FAE04EC0-301F-11D3-BF4B-00C04F79EFBC}") = "Tyuiu.GaberkornEL.Sprint6.Task2.V4.Lib", "Tyuiu.GaberkornEL.Sprint6.Task2.V4.Lib\Tyuiu.GaberkornEL.Sprint6.Task2.V4.Lib.csproj", "{B453748A-96FD-1A8C-FC0F-9B48D65B7FCA}"
EndProject
Project("{FAE04EC0-301F-11D3-BF4B-00C04F79EFBC}") = "Tyuiu.GaberkornEL.Sprint6.Task2.V4.Test", "Tyuiu.GaberkornEL.Sprint6.Task2.V4.Test\Tyuiu.GaberkornEL.Sprint6.Task2.V4.Test.csproj", "{7CC92D7F-31EC-5506-EAAC-8C1F2D83C853}"
EndProject
Project("{2150E333-8FDC-42A3-9474-1A3956D46DE8}") = "Task3", "Task3", "{0E8D29EA-1C86-4FED-9939-552BC89C9327}"
EndProject
Project("{FAE04EC0-301F-11D3-BF4B-00C04F79EFBC}") = "Tyuiu.GaberkornEL.Sprint6.Task3.V17", "Tyuiu.GaberkornEL.Sprint6.Task3.V17\Tyuiu.GaberkornEL.Sprint6.Task3.V17.csproj", "{6A9B00D7-89C9-F901-1376-A0F84E1EC539}"
EndProject
Project("{FAE04EC0-301F-11D3-BF4B-00C04F79EFBC}") = "Tyuiu.GaberkornEL.Sprint6.Task3.V17.Lib", "Tyuiu.GaberkornEL.Sprint6.Task3.V17.Lib\Tyuiu.GaberkornEL.Sprint6.Task3.V17.Lib.csproj", "{995442D2-1692-CA11-E772-BA4FE6D994E7}"
EndProject
Project("{FAE04EC0-301F-11D3-BF4B-00C04F79EFBC}") = "Tyuiu.GaberkornEL.Sprint6.Task3.V17.Test", "Tyuiu.GaberkornEL.Sprint6.Task3.V17.Test\Tyuiu.GaberkornEL.Sprint6.Task3.V17.Test.csproj", "{8F6D1C4F-3686-B8FD-B658-79989DF06223}"
EndProject
Project("{2150E333-8FDC-42A3-9474-1A3956D46DE8}") = "Task4", "Task4", "{F56A77C6-1312-42A4-9B52-261992F97376}"
EndProject
Project("{FAE04EC0-301F-11D3-BF4B-00C04F79EFBC}") = "Tyuiu.GaberkornEL.Sprint6.Task4.V6", "Tyuiu.GaberkornEL.Sprint6.Task4.V6\Tyuiu.GaberkornEL.Sprint6.Task4.V6.csproj", "{19BD1357-AC87-4A29-AD33-218339890415}"
EndProject
Project("{FAE04EC0-301F-11D3-BF4B-00C04F79EFBC}") = "Tyuiu.GaberkornEL.Sprint6.Task4.V6.Lib", "Tyuiu.GaberkornEL.Sprint6.Task4.V6.Lib\Tyuiu.GaberkornEL.Sprint6.Task4.V6.Lib.csproj", "{0A6DF735-E48E-4497-9C71-FEAB037CC6A8}"
EndProject
Project("{FAE04EC0-301F-11D3-BF4B-00C04F79EFBC}") = "Tyuiu.GaberkornEL.Sprint6.Task4.V6.Test", "Tyuiu.GaberkornEL.Sprint6.Task4.V6.Test\Tyuiu.GaberkornEL.Sprint6.Task4.V6.Test.csproj", "{A959A9A8-5BDA-4D9B-A663-032BE8B25569}"
EndProject
Project("{2150E333-8FDC-42A3-9474-1A3956D46DE8}") = "Task5", "Task5", "{28644C29-41C6-4679-A575-6D093E0EBB95}"
EndProject
Project("{FAE04EC0-301F-11D3-BF4B-00C04F79EFBC}") = "Tyuiu.GaberkornEL.Sprint6.Task5.V29", "Tyuiu.GaberkornEL.Sprint6.Task5.V29\Tyuiu.GaberkornEL.Sprint6.Task5.V29.csproj", "{36877FB0-8165-4934-9CD9-DE6788129A21}"
EndProject
Project("{FAE04EC0-301F-11D3-BF4B-00C04F79EFBC}") = "Tyuiu.GaberkornEL.Sprint6.Task5.V29.Lib", "Tyuiu.GaberkornEL.Sprint6.Task5.V29.Lib\Tyuiu.GaberkornEL.Sprint6.Task5.V29.Lib.csproj", "{CD9000C7-4FF3-4290-9404-0BB79286BE6E}"
EndProject
Project("{FAE04EC0-301F-11D3-BF4B-00C04F79EFBC}") = "Tyuiu.GaberkornEL.Sprint6.Task5.V29.Test", "Tyuiu.GaberkornEL.Sprint6.Task5.V29.Test\Tyuiu.GaberkornEL.Sprint6.Task5.V29.Test.csproj", "{56A8E405-98D1-49E4-9B7A-1F046DA0B91C}"
EndProject
Project("{2150E333-8FDC-42A3-9474-1A3956D46DE8}") = "Task6", "Task6", "{2CBEBBC2-6651-4441-93C0-900248E333B7}"
EndProject
Project("{2150E333-8FDC-42A3-9474-1A3956D46DE8}") = "Task7", "Task7", "{83E6CAB6-1F1A-45A9-B01B-B8A2657EB26D}"
EndProject
Project("{FAE04EC0-301F-11D3-BF4B-00C04F79EFBC}") = "Tyuiu.GaberkornEL.Sprint6.Task6.V2", "Tyuiu.GaberkornEL.Sprint6.Task6.V2\Tyuiu.GaberkornEL.Sprint6.Task6.V2.csproj", "{002AD2A0-AF66-44EF-AEB6-EDA5842579F5}"
EndProject
Project("{FAE04EC0-301F-11D3-BF4B-00C04F79EFBC}") = "Tyuiu.GaberkornEL.Sprint6.Task6.V2.Test", "Tyuiu.GaberkornEL.Sprint6.Task6.V2.Test\Tyuiu.GaberkornEL.Sprint6.Task6.V2.Test.csproj", "{2C6A64A2-477E-44BB-9AE3-2809E1DAD80E}"
EndProject
Project("{FAE04EC0-301F-11D3-BF4B-00C04F79EFBC}") = "Tyuiu.GaberkornEL.Sprint6.Task6.V2.Lib", "Tyuiu.GaberkornEL.Sprint6.Task6.V2.Lib\Tyuiu.GaberkornEL.Sprint6.Task6.V2.Lib.csproj", "{90977EE0-A489-4182-9F7D-51CA009A84BC}"
EndProject
Global
	GlobalSection(SolutionConfigurationPlatforms) = preSolution
		Debug|Any CPU = Debug|Any CPU
		Release|Any CPU = Release|Any CPU
	EndGlobalSection
	GlobalSection(ProjectConfigurationPlatforms) = postSolution
		{5C2EA7BD-648D-4930-81FE-DDEA997BD7D3}.Debug|Any CPU.ActiveCfg = Debug|Any CPU
		{5C2EA7BD-648D-4930-81FE-DDEA997BD7D3}.Debug|Any CPU.Build.0 = Debug|Any CPU
		{5C2EA7BD-648D-4930-81FE-DDEA997BD7D3}.Release|Any CPU.ActiveCfg = Release|Any CPU
		{5C2EA7BD-648D-4930-81FE-DDEA997BD7D3}.Release|Any CPU.Build.0 = Release|Any CPU
		{34E0C29B-B023-4594-A83D-8859B5254220}.Debug|Any CPU.ActiveCfg = Debug|Any CPU
		{34E0C29B-B023-4594-A83D-8859B5254220}.Debug|Any CPU.Build.0 = Debug|Any CPU
		{34E0C29B-B023-4594-A83D-8859B5254220}.Release|Any CPU.ActiveCfg = Release|Any CPU
		{34E0C29B-B023-4594-A83D-8859B5254220}.Release|Any CPU.Build.0 = Release|Any CPU
		{EC6CDF07-703E-41F6-9368-BBE1288FBF45}.Debug|Any CPU.ActiveCfg = Debug|Any CPU
		{EC6CDF07-703E-41F6-9368-BBE1288FBF45}.Debug|Any CPU.Build.0 = Debug|Any CPU
		{EC6CDF07-703E-41F6-9368-BBE1288FBF45}.Release|Any CPU.ActiveCfg = Release|Any CPU
		{EC6CDF07-703E-41F6-9368-BBE1288FBF45}.Release|Any CPU.Build.0 = Release|Any CPU
		{F3E98872-E178-3A93-C08D-A454954B7A7D}.Debug|Any CPU.ActiveCfg = Debug|Any CPU
		{F3E98872-E178-3A93-C08D-A454954B7A7D}.Debug|Any CPU.Build.0 = Debug|Any CPU
		{F3E98872-E178-3A93-C08D-A454954B7A7D}.Release|Any CPU.ActiveCfg = Release|Any CPU
		{F3E98872-E178-3A93-C08D-A454954B7A7D}.Release|Any CPU.Build.0 = Release|Any CPU
		{B453748A-96FD-1A8C-FC0F-9B48D65B7FCA}.Debug|Any CPU.ActiveCfg = Debug|Any CPU
		{B453748A-96FD-1A8C-FC0F-9B48D65B7FCA}.Debug|Any CPU.Build.0 = Debug|Any CPU
		{B453748A-96FD-1A8C-FC0F-9B48D65B7FCA}.Release|Any CPU.ActiveCfg = Release|Any CPU
		{B453748A-96FD-1A8C-FC0F-9B48D65B7FCA}.Release|Any CPU.Build.0 = Release|Any CPU
		{7CC92D7F-31EC-5506-EAAC-8C1F2D83C853}.Debug|Any CPU.ActiveCfg = Debug|Any CPU
		{7CC92D7F-31EC-5506-EAAC-8C1F2D83C853}.Debug|Any CPU.Build.0 = Debug|Any CPU
		{7CC92D7F-31EC-5506-EAAC-8C1F2D83C853}.Release|Any CPU.ActiveCfg = Release|Any CPU
		{7CC92D7F-31EC-5506-EAAC-8C1F2D83C853}.Release|Any CPU.Build.0 = Release|Any CPU
		{6A9B00D7-89C9-F901-1376-A0F84E1EC539}.Debug|Any CPU.ActiveCfg = Debug|Any CPU
		{6A9B00D7-89C9-F901-1376-A0F84E1EC539}.Debug|Any CPU.Build.0 = Debug|Any CPU
		{6A9B00D7-89C9-F901-1376-A0F84E1EC539}.Release|Any CPU.ActiveCfg = Release|Any CPU
		{6A9B00D7-89C9-F901-1376-A0F84E1EC539}.Release|Any CPU.Build.0 = Release|Any CPU
		{995442D2-1692-CA11-E772-BA4FE6D994E7}.Debug|Any CPU.ActiveCfg = Debug|Any CPU
		{995442D2-1692-CA11-E772-BA4FE6D994E7}.Debug|Any CPU.Build.0 = Debug|Any CPU
		{995442D2-1692-CA11-E772-BA4FE6D994E7}.Release|Any CPU.ActiveCfg = Release|Any CPU
		{995442D2-1692-CA11-E772-BA4FE6D994E7}.Release|Any CPU.Build.0 = Release|Any CPU
		{8F6D1C4F-3686-B8FD-B658-79989DF06223}.Debug|Any CPU.ActiveCfg = Debug|Any CPU
		{8F6D1C4F-3686-B8FD-B658-79989DF06223}.Debug|Any CPU.Build.0 = Debug|Any CPU
		{8F6D1C4F-3686-B8FD-B658-79989DF06223}.Release|Any CPU.ActiveCfg = Release|Any CPU
		{8F6D1C4F-3686-B8FD-B658-79989DF06223}.Release|Any CPU.Build.0 = Release|Any CPU
		{19BD1357-AC87-4A29-AD33-218339890415}.Debug|Any CPU.ActiveCfg = Debug|Any CPU
		{19BD1357-AC87-4A29-AD33-218339890415}.Debug|Any CPU.Build.0 = Debug|Any CPU
		{19BD1357-AC87-4A29-AD33-218339890415}.Release|Any CPU.ActiveCfg = Release|Any CPU
		{19BD1357-AC87-4A29-AD33-218339890415}.Release|Any CPU.Build.0 = Release|Any CPU
		{0A6DF735-E48E-4497-9C71-FEAB037CC6A8}.Debug|Any CPU.ActiveCfg = Debug|Any CPU
		{0A6DF735-E48E-4497-9C71-FEAB037CC6A8}.Debug|Any CPU.Build.0 = Debug|Any CPU
		{0A6DF735-E48E-4497-9C71-FEAB037CC6A8}.Release|Any CPU.ActiveCfg = Release|Any CPU
		{0A6DF735-E48E-4497-9C71-FEAB037CC6A8}.Release|Any CPU.Build.0 = Release|Any CPU
		{A959A9A8-5BDA-4D9B-A663-032BE8B25569}.Debug|Any CPU.ActiveCfg = Debug|Any CPU
		{A959A9A8-5BDA-4D9B-A663-032BE8B25569}.Debug|Any CPU.Build.0 = Debug|Any CPU
		{A959A9A8-5BDA-4D9B-A663-032BE8B25569}.Release|Any CPU.ActiveCfg = Release|Any CPU
		{A959A9A8-5BDA-4D9B-A663-032BE8B25569}.Release|Any CPU.Build.0 = Release|Any CPU
		{36877FB0-8165-4934-9CD9-DE6788129A21}.Debug|Any CPU.ActiveCfg = Debug|Any CPU
		{36877FB0-8165-4934-9CD9-DE6788129A21}.Debug|Any CPU.Build.0 = Debug|Any CPU
		{36877FB0-8165-4934-9CD9-DE6788129A21}.Release|Any CPU.ActiveCfg = Release|Any CPU
		{36877FB0-8165-4934-9CD9-DE6788129A21}.Release|Any CPU.Build.0 = Release|Any CPU
		{CD9000C7-4FF3-4290-9404-0BB79286BE6E}.Debug|Any CPU.ActiveCfg = Debug|Any CPU
		{CD9000C7-4FF3-4290-9404-0BB79286BE6E}.Debug|Any CPU.Build.0 = Debug|Any CPU
		{CD9000C7-4FF3-4290-9404-0BB79286BE6E}.Release|Any CPU.ActiveCfg = Release|Any CPU
		{CD9000C7-4FF3-4290-9404-0BB79286BE6E}.Release|Any CPU.Build.0 = Release|Any CPU
		{56A8E405-98D1-49E4-9B7A-1F046DA0B91C}.Debug|Any CPU.ActiveCfg = Debug|Any CPU
		{56A8E405-98D1-49E4-9B7A-1F046DA0B91C}.Debug|Any CPU.Build.0 = Debug|Any CPU
		{56A8E405-98D1-49E4-9B7A-1F046DA0B91C}.Release|Any CPU.ActiveCfg = Release|Any CPU
		{56A8E405-98D1-49E4-9B7A-1F046DA0B91C}.Release|Any CPU.Build.0 = Release|Any CPU
		{002AD2A0-AF66-44EF-AEB6-EDA5842579F5}.Debug|Any CPU.ActiveCfg = Debug|Any CPU
		{002AD2A0-AF66-44EF-AEB6-EDA5842579F5}.Debug|Any CPU.Build.0 = Debug|Any CPU
		{002AD2A0-AF66-44EF-AEB6-EDA5842579F5}.Release|Any CPU.ActiveCfg = Release|Any CPU
		{002AD2A0-AF66-44EF-AEB6-EDA5842579F5}.Release|Any CPU.Build.0 = Release|Any CPU
		{2C6A64A2-477E-44BB-9AE3-2809E1DAD80E}.Debug|Any CPU.ActiveCfg = Debug|Any CPU
		{2C6A64A2-477E-44BB-9AE3-2809E1DAD80E}.Debug|Any CPU.Build.0 = Debug|Any CPU
		{2C6A64A2-477E-44BB-9AE3-2809E1DAD80E}.Release|Any CPU.ActiveCfg = Release|Any CPU
		{2C6A64A2-477E-44BB-9AE3-2809E1DAD80E}.Release|Any CPU.Build.0 = Release|Any CPU
		{90977EE0-A489-4182-9F7D-51CA009A84BC}.Debug|Any CPU.ActiveCfg = Debug|Any CPU
		{90977EE0-A489-4182-9F7D-51CA009A84BC}.Debug|Any CPU.Build.0 = Debug|Any CPU
		{90977EE0-A489-4182-9F7D-51CA009A84BC}.Release|Any CPU.ActiveCfg = Release|Any CPU
		{90977EE0-A489-4182-9F7D-51CA009A84BC}.Release|Any CPU.Build.0 = Release|Any CPU
	EndGlobalSection
	GlobalSection(SolutionProperties) = preSolution
		HideSolutionNode = FALSE
	EndGlobalSection
	GlobalSection(NestedProjects) = preSolution
		{5C2EA7BD-648D-4930-81FE-DDEA997BD7D3} = {02EA681E-C7D8-13C7-8484-4AC65E1B71E8}
		{34E0C29B-B023-4594-A83D-8859B5254220} = {02EA681E-C7D8-13C7-8484-4AC65E1B71E8}
		{EC6CDF07-703E-41F6-9368-BBE1288FBF45} = {02EA681E-C7D8-13C7-8484-4AC65E1B71E8}
		{F3E98872-E178-3A93-C08D-A454954B7A7D} = {F919A6AA-7C3F-4C9D-8840-7F4B7B924406}
		{B453748A-96FD-1A8C-FC0F-9B48D65B7FCA} = {F919A6AA-7C3F-4C9D-8840-7F4B7B924406}
		{7CC92D7F-31EC-5506-EAAC-8C1F2D83C853} = {F919A6AA-7C3F-4C9D-8840-7F4B7B924406}
		{6A9B00D7-89C9-F901-1376-A0F84E1EC539} = {0E8D29EA-1C86-4FED-9939-552BC89C9327}
		{995442D2-1692-CA11-E772-BA4FE6D994E7} = {0E8D29EA-1C86-4FED-9939-552BC89C9327}
		{8F6D1C4F-3686-B8FD-B658-79989DF06223} = {0E8D29EA-1C86-4FED-9939-552BC89C9327}
		{19BD1357-AC87-4A29-AD33-218339890415} = {F56A77C6-1312-42A4-9B52-261992F97376}
		{0A6DF735-E48E-4497-9C71-FEAB037CC6A8} = {F56A77C6-1312-42A4-9B52-261992F97376}
		{A959A9A8-5BDA-4D9B-A663-032BE8B25569} = {F56A77C6-1312-42A4-9B52-261992F97376}
		{36877FB0-8165-4934-9CD9-DE6788129A21} = {28644C29-41C6-4679-A575-6D093E0EBB95}
		{CD9000C7-4FF3-4290-9404-0BB79286BE6E} = {28644C29-41C6-4679-A575-6D093E0EBB95}
		{56A8E405-98D1-49E4-9B7A-1F046DA0B91C} = {28644C29-41C6-4679-A575-6D093E0EBB95}
		{002AD2A0-AF66-44EF-AEB6-EDA5842579F5} = {2CBEBBC2-6651-4441-93C0-900248E333B7}
		{2C6A64A2-477E-44BB-9AE3-2809E1DAD80E} = {2CBEBBC2-6651-4441-93C0-900248E333B7}
		{90977EE0-A489-4182-9F7D-51CA009A84BC} = {2CBEBBC2-6651-4441-93C0-900248E333B7}
	EndGlobalSection
	GlobalSection(ExtensibilityGlobals) = postSolution
		SolutionGuid = {65DDB5ED-1AF8-4492-BAB1-786106EB7171}
	EndGlobalSection
EndGlobal
