
Microsoft Visual Studio Solution File, Format Version 12.00
# Visual Studio Version 17
VisualStudioVersion = 17.14.36414.22
MinimumVisualStudioVersion = 10.0.40219.1
Project("{2150E333-8FDC-42A3-9474-1A3956D46DE8}") = "Task1", "Task1", "{02EA681E-C7D8-13C7-8484-4AC65E1B71E8}"
EndProject
Project("{FAE04EC0-301F-11D3-BF4B-00C04F79EFBC}") = "Tyuiu.GaberkornEL.Sprint6.Task1.V24.Lib", "Tyuiu.GaberkornEL.Sprint6.Task1.V24.Lib\Tyuiu.GaberkornEL.Sprint6.Task1.V24.Lib.csproj", "{5C2EA7BD-648D-4930-81FE-DDEA997BD7D3}"
EndProject
Project("{FAE04EC0-301F-11D3-BF4B-00C04F79EFBC}") = "Tyuiu.GaberkornEL.Sprint6.Task1.V24.Test", "Tyuiu.GaberkornEL.Sprint6.Task1.V24.Test\Tyuiu.GaberkornEL.Sprint6.Task1.V24.Test.csproj", "{34E0C29B-B023-4594-A83D-8859B5254220}"
EndProject
Project("{FAE04EC0-301F-11D3-BF4B-00C04F79EFBC}") = "Tyuiu.GaberkornEL.Sprint6.Task1.V24", "Tyuiu.GaberkornEL.Sprint6.Task1.V24\Tyuiu.GaberkornEL.Sprint6.Task1.V24.csproj", "{EC6CDF07-703E-41F6-9368-BBE1288FBF45}"
EndProject
Project("{2150E333-8FDC-42A3-9474-1A3956D46DE8}") = "Task2", "Task2", "{F919A6AA-7C3F-4C9D-8840-7F4B7B924406}"
EndProject
Project("{FAE04EC0-301F-11D3-BF4B-00C04F79EFBC}") = "Tyuiu.GaberkornEL.Sprint6.Task2.V4", "Tyuiu.GaberkornEL.Sprint6.Task2.V4\Tyuiu.GaberkornEL.Sprint6.Task2.V4.csproj", "{F3E98872-E178-3A93-C08D-A454954B7A7D}"
EndProject
Project("{FAE04EC0-301F-11D3-BF4B-00C04F79EFBC}") = "Tyuiu.GaberkornEL.Sprint6.Task2.V4.Lib", "Tyuiu.GaberkornEL.Sprint6.Task2.V4.Lib\Tyuiu.GaberkornEL.Sprint6.Task2.V4.Lib.csproj", "{B453748A-96FD-1A8C-FC0F-9B48D65B7FCA}"
EndProject
Project("{FAE04EC0-301F-11D3-BF4B-00C04F79EFBC}") = "Tyuiu.GaberkornEL.Sprint6.Task2.V4.Test", "Tyuiu.GaberkornEL.Sprint6.Task2.V4.Test\Tyuiu.GaberkornEL.Sprint6.Task2.V4.Test.csproj", "{7CC92D7F-31EC-5506-EAAC-8C1F2D83C853}"
EndProject
Project("{2150E333-8FDC-42A3-9474-1A3956D46DE8}") = "Task3", "Task3", "{0E8D29EA-1C86-4FED-9939-552BC89C9327}"
EndProject
Project("{FAE04EC0-301F-11D3-BF4B-00C04F79EFBC}") = "Tyuiu.GaberkornEL.Sprint6.Task3.V17", "Tyuiu.GaberkornEL.Sprint6.Task3.V17\Tyuiu.GaberkornEL.Sprint6.Task3.V17.csproj", "{6A9B00D7-89C9-F901-1376-A0F84E1EC539}"
EndProject
Project("{FAE04EC0-301F-11D3-BF4B-00C04F79EFBC}") = "Tyuiu.GaberkornEL.Sprint6.Task3.V17.Lib", "Tyuiu.GaberkornEL.Sprint6.Task3.V17.Lib\Tyuiu.GaberkornEL.Sprint6.Task3.V17.Lib.csproj", "{995442D2-1692-CA11-E772-BA4FE6D994E7}"
EndProject
Project("{FAE04EC0-301F-11D3-BF4B-00C04F79EFBC}") = "Tyuiu.GaberkornEL.Sprint6.Task3.V17.Test", "Tyuiu.GaberkornEL.Sprint6.Task3.V17.Test\Tyuiu.GaberkornEL.Sprint6.Task3.V17.Test.csproj", "{8F6D1C4F-3686-B8FD-B658-79989DF06223}"
EndProject
Global
	GlobalSection(SolutionConfigurationPlatforms) = preSolution
		Debug|Any CPU = Debug|Any CPU
		Release|Any CPU = Release|Any CPU
	EndGlobalSection
	GlobalSection(ProjectConfigurationPlatforms) = postSolution
		{5C2EA7BD-648D-4930-81FE-DDEA997BD7D3}.Debug|Any CPU.ActiveCfg = Debug|Any CPU
		{5C2EA7BD-648D-4930-81FE-DDEA997BD7D3}.Debug|Any CPU.Build.0 = Debug|Any CPU
		{5C2EA7BD-648D-4930-81FE-DDEA997BD7D3}.Release|Any CPU.ActiveCfg = Release|Any CPU
		{5C2EA7BD-648D-4930-81FE-DDEA997BD7D3}.Release|Any CPU.Build.0 = Release|Any CPU
		{34E0C29B-B023-4594-A83D-8859B5254220}.Debug|Any CPU.ActiveCfg = Debug|Any CPU
		{34E0C29B-B023-4594-A83D-8859B5254220}.Debug|Any CPU.Build.0 = Debug|Any CPU
		{34E0C29B-B023-4594-A83D-8859B5254220}.Release|Any CPU.ActiveCfg = Release|Any CPU
		{34E0C29B-B023-4594-A83D-8859B5254220}.Release|Any CPU.Build.0 = Release|Any CPU
		{EC6CDF07-703E-41F6-9368-BBE1288FBF45}.Debug|Any CPU.ActiveCfg = Debug|Any CPU
		{EC6CDF07-703E-41F6-9368-BBE1288FBF45}.Debug|Any CPU.Build.0 = Debug|Any CPU
		{EC6CDF07-703E-41F6-9368-BBE1288FBF45}.Release|Any CPU.ActiveCfg = Release|Any CPU
		{EC6CDF07-703E-41F6-9368-BBE1288FBF45}.Release|Any CPU.Build.0 = Release|Any CPU
		{F3E98872-E178-3A93-C08D-A454954B7A7D}.Debug|Any CPU.ActiveCfg = Debug|Any CPU
		{F3E98872-E178-3A93-C08D-A454954B7A7D}.Debug|Any CPU.Build.0 = Debug|Any CPU
		{F3E98872-E178-3A93-C08D-A454954B7A7D}.Release|Any CPU.ActiveCfg = Release|Any CPU
		{F3E98872-E178-3A93-C08D-A454954B7A7D}.Release|Any CPU.Build.0 = Release|Any CPU
		{B453748A-96FD-1A8C-FC0F-9B48D65B7FCA}.Debug|Any CPU.ActiveCfg = Debug|Any CPU
		{B453748A-96FD-1A8C-FC0F-9B48D65B7FCA}.Debug|Any CPU.Build.0 = Debug|Any CPU
		{B453748A-96FD-1A8C-FC0F-9B48D65B7FCA}.Release|Any CPU.ActiveCfg = Release|Any CPU
		{B453748A-96FD-1A8C-FC0F-9B48D65B7FCA}.Release|Any CPU.Build.0 = Release|Any CPU
		{7CC92D7F-31EC-5506-EAAC-8C1F2D83C853}.Debug|Any CPU.ActiveCfg = Debug|Any CPU
		{7CC92D7F-31EC-5506-EAAC-8C1F2D83C853}.Debug|Any CPU.Build.0 = Debug|Any CPU
		{7CC92D7F-31EC-5506-EAAC-8C1F2D83C853}.Release|Any CPU.ActiveCfg = Release|Any CPU
		{7CC92D7F-31EC-5506-EAAC-8C1F2D83C853}.Release|Any CPU.Build.0 = Release|Any CPU
		{6A9B00D7-89C9-F901-1376-A0F84E1EC539}.Debug|Any CPU.ActiveCfg = Debug|Any CPU
		{6A9B00D7-89C9-F901-1376-A0F84E1EC539}.Debug|Any CPU.Build.0 = Debug|Any CPU
		{6A9B00D7-89C9-F901-1376-A0F84E1EC539}.Release|Any CPU.ActiveCfg = Release|Any CPU
		{6A9B00D7-89C9-F901-1376-A0F84E1EC539}.Release|Any CPU.Build.0 = Release|Any CPU
		{995442D2-1692-CA11-E772-BA4FE6D994E7}.Debug|Any CPU.ActiveCfg = Debug|Any CPU
		{995442D2-1692-CA11-E772-BA4FE6D994E7}.Debug|Any CPU.Build.0 = Debug|Any CPU
		{995442D2-1692-CA11-E772-BA4FE6D994E7}.Release|Any CPU.ActiveCfg = Release|Any CPU
		{995442D2-1692-CA11-E772-BA4FE6D994E7}.Release|Any CPU.Build.0 = Release|Any CPU
		{8F6D1C4F-3686-B8FD-B658-79989DF06223}.Debug|Any CPU.ActiveCfg = Debug|Any CPU
		{8F6D1C4F-3686-B8FD-B658-79989DF06223}.Debug|Any CPU.Build.0 = Debug|Any CPU
		{8F6D1C4F-3686-B8FD-B658-79989DF06223}.Release|Any CPU.ActiveCfg = Release|Any CPU
		{8F6D1C4F-3686-B8FD-B658-79989DF06223}.Release|Any CPU.Build.0 = Release|Any CPU
	EndGlobalSection
	GlobalSection(SolutionProperties) = preSolution
		HideSolutionNode = FALSE
	EndGlobalSection
	GlobalSection(NestedProjects) = preSolution
		{5C2EA7BD-648D-4930-81FE-DDEA997BD7D3} = {02EA681E-C7D8-13C7-8484-4AC65E1B71E8}
		{34E0C29B-B023-4594-A83D-8859B5254220} = {02EA681E-C7D8-13C7-8484-4AC65E1B71E8}
		{EC6CDF07-703E-41F6-9368-BBE1288FBF45} = {02EA681E-C7D8-13C7-8484-4AC65E1B71E8}
		{F3E98872-E178-3A93-C08D-A454954B7A7D} = {F919A6AA-7C3F-4C9D-8840-7F4B7B924406}
		{B453748A-96FD-1A8C-FC0F-9B48D65B7FCA} = {F919A6AA-7C3F-4C9D-8840-7F4B7B924406}
		{7CC92D7F-31EC-5506-EAAC-8C1F2D83C853} = {F919A6AA-7C3F-4C9D-8840-7F4B7B924406}
		{6A9B00D7-89C9-F901-1376-A0F84E1EC539} = {0E8D29EA-1C86-4FED-9939-552BC89C9327}
		{995442D2-1692-CA11-E772-BA4FE6D994E7} = {0E8D29EA-1C86-4FED-9939-552BC89C9327}
		{8F6D1C4F-3686-B8FD-B658-79989DF06223} = {0E8D29EA-1C86-4FED-9939-552BC89C9327}
	EndGlobalSection
	GlobalSection(ExtensibilityGlobals) = postSolution
		SolutionGuid = {65DDB5ED-1AF8-4492-BAB1-786106EB7171}
	EndGlobalSection
EndGlobal
